
Microsoft Visual Studio Solution File, Format Version 12.00
# Visual Studio 15
VisualStudioVersion = 15.0.33529.398
MinimumVisualStudioVersion = 10.0.40219.1
Project("{FAE04EC0-301F-11D3-BF4B-00C04F79EFBC}") = "IMageCurd", "IMageCurd\IMageCurd.csproj", "{3BF11512-7C13-4DC1-A11D-785796822DF8}"
EndProject
Global
	GlobalSection(SolutionConfigurationPlatforms) = preSolution
		Debug|Any CPU = Debug|Any CPU
		Release|Any CPU = Release|Any CPU
	EndGlobalSection
	GlobalSection(ProjectConfigurationPlatforms) = postSolution
		{3BF11512-7C13-4DC1-A11D-785796822DF8}.Debug|Any CPU.ActiveCfg = Debug|Any CPU
		{3BF11512-7C13-4DC1-A11D-785796822DF8}.Debug|Any CPU.Build.0 = Debug|Any CPU
		{3BF11512-7C13-4DC1-A11D-785796822DF8}.Release|Any CPU.ActiveCfg = Release|Any CPU
		{3BF11512-7C13-4DC1-A11D-785796822DF8}.Release|Any CPU.Build.0 = Release|Any CPU
	EndGlobalSection
	GlobalSection(SolutionProperties) = preSolution
		HideSolutionNode = FALSE
	EndGlobalSection
	GlobalSection(ExtensibilityGlobals) = postSolution
		SolutionGuid = {D14FD9C3-7171-445E-B5AB-07B770208591}
	EndGlobalSection
EndGlobal
